
Microsoft Visual Studio Solution File, Format Version 12.00
# Visual Studio Version 17
VisualStudioVersion = 17.14.36705.20
MinimumVisualStudioVersion = 10.0.40219.1
Project("{FAE04EC0-301F-11D3-BF4B-00C04F79EFBC}") = "UI", "UI\UI.csproj", "{84EFCD6D-2C6A-4BBC-A344-41E5FB5AA439}"
EndProject
Project("{FAE04EC0-301F-11D3-BF4B-00C04F79EFBC}") = "Hasher", "Hasher\Hasher.csproj", "{0F3F84F4-D4B3-40AC-B280-760247EC2079}"
EndProject
Global
	GlobalSection(SolutionConfigurationPlatforms) = preSolution
		Debug|Any CPU = Debug|Any CPU
		Release|Any CPU = Release|Any CPU
	EndGlobalSection
	GlobalSection(ProjectConfigurationPlatforms) = postSolution
		{84EFCD6D-2C6A-4BBC-A344-41E5FB5AA439}.Debug|Any CPU.ActiveCfg = Debug|Any CPU
		{84EFCD6D-2C6A-4BBC-A344-41E5FB5AA439}.Debug|Any CPU.Build.0 = Debug|Any CPU
		{84EFCD6D-2C6A-4BBC-A344-41E5FB5AA439}.Release|Any CPU.ActiveCfg = Release|Any CPU
		{84EFCD6D-2C6A-4BBC-A344-41E5FB5AA439}.Release|Any CPU.Build.0 = Release|Any CPU
		{0F3F84F4-D4B3-40AC-B280-760247EC2079}.Debug|Any CPU.ActiveCfg = Debug|Any CPU
		{0F3F84F4-D4B3-40AC-B280-760247EC2079}.Debug|Any CPU.Build.0 = Debug|Any CPU
		{0F3F84F4-D4B3-40AC-B280-760247EC2079}.Release|Any CPU.ActiveCfg = Release|Any CPU
		{0F3F84F4-D4B3-40AC-B280-760247EC2079}.Release|Any CPU.Build.0 = Release|Any CPU
	EndGlobalSection
	GlobalSection(SolutionProperties) = preSolution
		HideSolutionNode = FALSE
	EndGlobalSection
	GlobalSection(ExtensibilityGlobals) = postSolution
		SolutionGuid = {8B1CD5BB-E533-45EB-A9DE-58B3448DAAF5}
	EndGlobalSection
EndGlobal
